
Microsoft Visual Studio Solution File, Format Version 12.00
# Visual Studio Version 17
VisualStudioVersion = 17.5.002.0
MinimumVisualStudioVersion = 10.0.40219.1
Project("{9A19103F-16F7-4668-BE54-9A1E7A4F7556}") = "appdemo", "appdemo.csproj", "{2011BAEE-2FCD-4705-8170-EBE6813651B5}"
EndProject
Global
	GlobalSection(SolutionConfigurationPlatforms) = preSolution
		Debug|Any CPU = Debug|Any CPU
		Release|Any CPU = Release|Any CPU
	EndGlobalSection
	GlobalSection(ProjectConfigurationPlatforms) = postSolution
		{2011BAEE-2FCD-4705-8170-EBE6813651B5}.Debug|Any CPU.ActiveCfg = Debug|Any CPU
		{2011BAEE-2FCD-4705-8170-EBE6813651B5}.Debug|Any CPU.Build.0 = Debug|Any CPU
		{2011BAEE-2FCD-4705-8170-EBE6813651B5}.Release|Any CPU.ActiveCfg = Release|Any CPU
		{2011BAEE-2FCD-4705-8170-EBE6813651B5}.Release|Any CPU.Build.0 = Release|Any CPU
	EndGlobalSection
	GlobalSection(SolutionProperties) = preSolution
		HideSolutionNode = FALSE
	EndGlobalSection
	GlobalSection(ExtensibilityGlobals) = postSolution
		SolutionGuid = {69E184F8-C3F4-4EF3-BF4C-842E35E8463A}
	EndGlobalSection
EndGlobal
